// !$*UTF8*$!
{
	archiveVersion = 1;
	classes = {
	};
	objectVersion = 50;
	objects = {

/* Begin PBXBuildFile section */
		A21136BF2409C050003C8315 /* SOCustomViews.swift in Sources */ = {isa = PBXBuildFile; fileRef = A21136BE2409C050003C8315 /* SOCustomViews.swift */; };
		A21136C32409D8AB003C8315 /* SOUserCellTableViewCell.swift in Sources */ = {isa = PBXBuildFile; fileRef = A21136C22409D8AB003C8315 /* SOUserCellTableViewCell.swift */; };
		A21136C5240A8259003C8315 /* SOUserViewModel.swift in Sources */ = {isa = PBXBuildFile; fileRef = A21136C4240A8259003C8315 /* SOUserViewModel.swift */; };
		A27A8D7524086BC10056F29F /* AppDelegate.swift in Sources */ = {isa = PBXBuildFile; fileRef = A27A8D7424086BC10056F29F /* AppDelegate.swift */; };
		A27A8D7724086BC10056F29F /* SceneDelegate.swift in Sources */ = {isa = PBXBuildFile; fileRef = A27A8D7624086BC10056F29F /* SceneDelegate.swift */; };
		A27A8D7924086BC10056F29F /* SOTableListViewController.swift in Sources */ = {isa = PBXBuildFile; fileRef = A27A8D7824086BC10056F29F /* SOTableListViewController.swift */; };
		A27A8D7C24086BC10056F29F /* Main.storyboard in Resources */ = {isa = PBXBuildFile; fileRef = A27A8D7A24086BC10056F29F /* Main.storyboard */; };
		A27A8D7E24086BC20056F29F /* Assets.xcassets in Resources */ = {isa = PBXBuildFile; fileRef = A27A8D7D24086BC20056F29F /* Assets.xcassets */; };
		A27A8D8124086BC20056F29F /* LaunchScreen.storyboard in Resources */ = {isa = PBXBuildFile; fileRef = A27A8D7F24086BC20056F29F /* LaunchScreen.storyboard */; };
		A27A8D8C24086BC20056F29F /* StackOverflowTests.swift in Sources */ = {isa = PBXBuildFile; fileRef = A27A8D8B24086BC20056F29F /* StackOverflowTests.swift */; };
		A27A8D9724086BC20056F29F /* StackOverflowUITests.swift in Sources */ = {isa = PBXBuildFile; fileRef = A27A8D9624086BC20056F29F /* StackOverflowUITests.swift */; };
		A27A8DA524086C530056F29F /* README.md in Resources */ = {isa = PBXBuildFile; fileRef = A27A8DA424086C530056F29F /* README.md */; };
		A27A8DA824086F130056F29F /* SOModel.swift in Sources */ = {isa = PBXBuildFile; fileRef = A27A8DA724086F130056F29F /* SOModel.swift */; };
		A27A8DB7240884180056F29F /* SODataManager.swift in Sources */ = {isa = PBXBuildFile; fileRef = A27A8DB6240884180056F29F /* SODataManager.swift */; };
		A27A8DB92408841F0056F29F /* SONetworkManager.swift in Sources */ = {isa = PBXBuildFile; fileRef = A27A8DB82408841F0056F29F /* SONetworkManager.swift */; };
		A27A8DBB240884560056F29F /* Extension.swift in Sources */ = {isa = PBXBuildFile; fileRef = A27A8DBA240884560056F29F /* Extension.swift */; };
		A27A8DBD2408880F0056F29F /* SOErrorParser.swift in Sources */ = {isa = PBXBuildFile; fileRef = A27A8DBC2408880F0056F29F /* SOErrorParser.swift */; };
		A27A8DBF240888160056F29F /* SOResponseParser.swift in Sources */ = {isa = PBXBuildFile; fileRef = A27A8DBE240888160056F29F /* SOResponseParser.swift */; };
		A27A8DC124088AC10056F29F /* SODataParser.swift in Sources */ = {isa = PBXBuildFile; fileRef = A27A8DC024088AC10056F29F /* SODataParser.swift */; };
/* End PBXBuildFile section */

/* Begin PBXContainerItemProxy section */
		A27A8D8824086BC20056F29F /* PBXContainerItemProxy */ = {
			isa = PBXContainerItemProxy;
			containerPortal = A27A8D6924086BC10056F29F /* Project object */;
			proxyType = 1;
			remoteGlobalIDString = A27A8D7024086BC10056F29F;
			remoteInfo = StackOverflow;
		};
		A27A8D9324086BC20056F29F /* PBXContainerItemProxy */ = {
			isa = PBXContainerItemProxy;
			containerPortal = A27A8D6924086BC10056F29F /* Project object */;
			proxyType = 1;
			remoteGlobalIDString = A27A8D7024086BC10056F29F;
			remoteInfo = StackOverflow;
		};
/* End PBXContainerItemProxy section */

/* Begin PBXFileReference section */
		A21136BE2409C050003C8315 /* SOCustomViews.swift */ = {isa = PBXFileReference; fileEncoding = 4; lastKnownFileType = sourcecode.swift; path = SOCustomViews.swift; sourceTree = "<group>"; };
		A21136C22409D8AB003C8315 /* SOUserCellTableViewCell.swift */ = {isa = PBXFileReference; lastKnownFileType = sourcecode.swift; path = SOUserCellTableViewCell.swift; sourceTree = "<group>"; };
		A21136C4240A8259003C8315 /* SOUserViewModel.swift */ = {isa = PBXFileReference; lastKnownFileType = sourcecode.swift; path = SOUserViewModel.swift; sourceTree = "<group>"; };
		A27A8D7124086BC10056F29F /* StackOverflow.app */ = {isa = PBXFileReference; explicitFileType = wrapper.application; includeInIndex = 0; path = StackOverflow.app; sourceTree = BUILT_PRODUCTS_DIR; };
		A27A8D7424086BC10056F29F /* AppDelegate.swift */ = {isa = PBXFileReference; lastKnownFileType = sourcecode.swift; path = AppDelegate.swift; sourceTree = "<group>"; };
		A27A8D7624086BC10056F29F /* SceneDelegate.swift */ = {isa = PBXFileReference; lastKnownFileType = sourcecode.swift; path = SceneDelegate.swift; sourceTree = "<group>"; };
		A27A8D7824086BC10056F29F /* SOTableListViewController.swift */ = {isa = PBXFileReference; lastKnownFileType = sourcecode.swift; path = SOTableListViewController.swift; sourceTree = "<group>"; };
		A27A8D7B24086BC10056F29F /* Base */ = {isa = PBXFileReference; lastKnownFileType = file.storyboard; name = Base; path = Base.lproj/Main.storyboard; sourceTree = "<group>"; };
		A27A8D7D24086BC20056F29F /* Assets.xcassets */ = {isa = PBXFileReference; lastKnownFileType = folder.assetcatalog; path = Assets.xcassets; sourceTree = "<group>"; };
		A27A8D8024086BC20056F29F /* Base */ = {isa = PBXFileReference; lastKnownFileType = file.storyboard; name = Base; path = Base.lproj/LaunchScreen.storyboard; sourceTree = "<group>"; };
		A27A8D8224086BC20056F29F /* Info.plist */ = {isa = PBXFileReference; lastKnownFileType = text.plist.xml; path = Info.plist; sourceTree = "<group>"; };
		A27A8D8724086BC20056F29F /* StackOverflowTests.xctest */ = {isa = PBXFileReference; explicitFileType = wrapper.cfbundle; includeInIndex = 0; path = StackOverflowTests.xctest; sourceTree = BUILT_PRODUCTS_DIR; };
		A27A8D8B24086BC20056F29F /* StackOverflowTests.swift */ = {isa = PBXFileReference; lastKnownFileType = sourcecode.swift; path = StackOverflowTests.swift; sourceTree = "<group>"; };
		A27A8D8D24086BC20056F29F /* Info.plist */ = {isa = PBXFileReference; lastKnownFileType = text.plist.xml; path = Info.plist; sourceTree = "<group>"; };
		A27A8D9224086BC20056F29F /* StackOverflowUITests.xctest */ = {isa = PBXFileReference; explicitFileType = wrapper.cfbundle; includeInIndex = 0; path = StackOverflowUITests.xctest; sourceTree = BUILT_PRODUCTS_DIR; };
		A27A8D9624086BC20056F29F /* StackOverflowUITests.swift */ = {isa = PBXFileReference; lastKnownFileType = sourcecode.swift; path = StackOverflowUITests.swift; sourceTree = "<group>"; };
		A27A8D9824086BC20056F29F /* Info.plist */ = {isa = PBXFileReference; lastKnownFileType = text.plist.xml; path = Info.plist; sourceTree = "<group>"; };
		A27A8DA424086C530056F29F /* README.md */ = {isa = PBXFileReference; fileEncoding = 4; lastKnownFileType = net.daringfireball.markdown; path = README.md; sourceTree = "<group>"; };
		A27A8DA724086F130056F29F /* SOModel.swift */ = {isa = PBXFileReference; lastKnownFileType = sourcecode.swift; path = SOModel.swift; sourceTree = "<group>"; };
		A27A8DB6240884180056F29F /* SODataManager.swift */ = {isa = PBXFileReference; fileEncoding = 4; lastKnownFileType = sourcecode.swift; path = SODataManager.swift; sourceTree = "<group>"; };
		A27A8DB82408841F0056F29F /* SONetworkManager.swift */ = {isa = PBXFileReference; fileEncoding = 4; lastKnownFileType = sourcecode.swift; path = SONetworkManager.swift; sourceTree = "<group>"; };
		A27A8DBA240884560056F29F /* Extension.swift */ = {isa = PBXFileReference; fileEncoding = 4; lastKnownFileType = sourcecode.swift; path = Extension.swift; sourceTree = "<group>"; };
		A27A8DBC2408880F0056F29F /* SOErrorParser.swift */ = {isa = PBXFileReference; fileEncoding = 4; lastKnownFileType = sourcecode.swift; path = SOErrorParser.swift; sourceTree = "<group>"; };
		A27A8DBE240888160056F29F /* SOResponseParser.swift */ = {isa = PBXFileReference; fileEncoding = 4; lastKnownFileType = sourcecode.swift; path = SOResponseParser.swift; sourceTree = "<group>"; };
		A27A8DC024088AC10056F29F /* SODataParser.swift */ = {isa = PBXFileReference; lastKnownFileType = sourcecode.swift; path = SODataParser.swift; sourceTree = "<group>"; };
/* End PBXFileReference section */

/* Begin PBXFrameworksBuildPhase section */
		A27A8D6E24086BC10056F29F /* Frameworks */ = {
			isa = PBXFrameworksBuildPhase;
			buildActionMask = 2147483647;
			files = (
			);
			runOnlyForDeploymentPostprocessing = 0;
		};
		A27A8D8424086BC20056F29F /* Frameworks */ = {
			isa = PBXFrameworksBuildPhase;
			buildActionMask = 2147483647;
			files = (
			);
			runOnlyForDeploymentPostprocessing = 0;
		};
		A27A8D8F24086BC20056F29F /* Frameworks */ = {
			isa = PBXFrameworksBuildPhase;
			buildActionMask = 2147483647;
			files = (
			);
			runOnlyForDeploymentPostprocessing = 0;
		};
/* End PBXFrameworksBuildPhase section */

/* Begin PBXGroup section */
		A276DA58240AE67B00A24763 /* Views */ = {
			isa = PBXGroup;
			children = (
				A27A8D7824086BC10056F29F /* SOTableListViewController.swift */,
				A21136C22409D8AB003C8315 /* SOUserCellTableViewCell.swift */,
				A21136BE2409C050003C8315 /* SOCustomViews.swift */,
			);
			path = Views;
			sourceTree = "<group>";
		};
		A27A8D6824086BC10056F29F = {
			isa = PBXGroup;
			children = (
				A27A8DA424086C530056F29F /* README.md */,
				A27A8D7324086BC10056F29F /* StackOverflow */,
				A27A8D8A24086BC20056F29F /* StackOverflowTests */,
				A27A8D9524086BC20056F29F /* StackOverflowUITests */,
				A27A8D7224086BC10056F29F /* Products */,
			);
			sourceTree = "<group>";
		};
		A27A8D7224086BC10056F29F /* Products */ = {
			isa = PBXGroup;
			children = (
				A27A8D7124086BC10056F29F /* StackOverflow.app */,
				A27A8D8724086BC20056F29F /* StackOverflowTests.xctest */,
				A27A8D9224086BC20056F29F /* StackOverflowUITests.xctest */,
			);
			name = Products;
			sourceTree = "<group>";
		};
		A27A8D7324086BC10056F29F /* StackOverflow */ = {
			isa = PBXGroup;
			children = (
				A27A8D7424086BC10056F29F /* AppDelegate.swift */,
				A27A8D7624086BC10056F29F /* SceneDelegate.swift */,
				A27A8DBA240884560056F29F /* Extension.swift */,
				A27A8DB5240883F00056F29F /* Network */,
				A27A8DA624086EF50056F29F /* Model */,
				A276DA58240AE67B00A24763 /* Views */,
				A27A8D7A24086BC10056F29F /* Main.storyboard */,
				A27A8D7D24086BC20056F29F /* Assets.xcassets */,
				A27A8D7F24086BC20056F29F /* LaunchScreen.storyboard */,
				A27A8D8224086BC20056F29F /* Info.plist */,
			);
			path = StackOverflow;
			sourceTree = "<group>";
		};
		A27A8D8A24086BC20056F29F /* StackOverflowTests */ = {
			isa = PBXGroup;
			children = (
				A27A8D8B24086BC20056F29F /* StackOverflowTests.swift */,
				A27A8D8D24086BC20056F29F /* Info.plist */,
			);
			path = StackOverflowTests;
			sourceTree = "<group>";
		};
		A27A8D9524086BC20056F29F /* StackOverflowUITests */ = {
			isa = PBXGroup;
			children = (
				A27A8D9624086BC20056F29F /* StackOverflowUITests.swift */,
				A27A8D9824086BC20056F29F /* Info.plist */,
			);
			path = StackOverflowUITests;
			sourceTree = "<group>";
		};
		A27A8DA624086EF50056F29F /* Model */ = {
			isa = PBXGroup;
			children = (
				A27A8DA724086F130056F29F /* SOModel.swift */,
				A21136C4240A8259003C8315 /* SOUserViewModel.swift */,
			);
			path = Model;
			sourceTree = "<group>";
		};
		A27A8DB5240883F00056F29F /* Network */ = {
			isa = PBXGroup;
			children = (
				A27A8DB6240884180056F29F /* SODataManager.swift */,
				A27A8DB82408841F0056F29F /* SONetworkManager.swift */,
				A27A8DBC2408880F0056F29F /* SOErrorParser.swift */,
				A27A8DBE240888160056F29F /* SOResponseParser.swift */,
				A27A8DC024088AC10056F29F /* SODataParser.swift */,
			);
			path = Network;
			sourceTree = "<group>";
		};
/* End PBXGroup section */

/* Begin PBXNativeTarget section */
		A27A8D7024086BC10056F29F /* StackOverflow */ = {
			isa = PBXNativeTarget;
			buildConfigurationList = A27A8D9B24086BC20056F29F /* Build configuration list for PBXNativeTarget "StackOverflow" */;
			buildPhases = (
				A27A8D6D24086BC10056F29F /* Sources */,
				A27A8D6E24086BC10056F29F /* Frameworks */,
				A27A8D6F24086BC10056F29F /* Resources */,
			);
			buildRules = (
			);
			dependencies = (
			);
			name = StackOverflow;
			productName = StackOverflow;
			productReference = A27A8D7124086BC10056F29F /* StackOverflow.app */;
			productType = "com.apple.product-type.application";
		};
		A27A8D8624086BC20056F29F /* StackOverflowTests */ = {
			isa = PBXNativeTarget;
			buildConfigurationList = A27A8D9E24086BC20056F29F /* Build configuration list for PBXNativeTarget "StackOverflowTests" */;
			buildPhases = (
				A27A8D8324086BC20056F29F /* Sources */,
				A27A8D8424086BC20056F29F /* Frameworks */,
				A27A8D8524086BC20056F29F /* Resources */,
			);
			buildRules = (
			);
			dependencies = (
				A27A8D8924086BC20056F29F /* PBXTargetDependency */,
			);
			name = StackOverflowTests;
			productName = StackOverflowTests;
			productReference = A27A8D8724086BC20056F29F /* StackOverflowTests.xctest */;
			productType = "com.apple.product-type.bundle.unit-test";
		};
		A27A8D9124086BC20056F29F /* StackOverflowUITests */ = {
			isa = PBXNativeTarget;
			buildConfigurationList = A27A8DA124086BC20056F29F /* Build configuration list for PBXNativeTarget "StackOverflowUITests" */;
			buildPhases = (
				A27A8D8E24086BC20056F29F /* Sources */,
				A27A8D8F24086BC20056F29F /* Frameworks */,
				A27A8D9024086BC20056F29F /* Resources */,
			);
			buildRules = (
			);
			dependencies = (
				A27A8D9424086BC20056F29F /* PBXTargetDependency */,
			);
			name = StackOverflowUITests;
			productName = StackOverflowUITests;
			productReference = A27A8D9224086BC20056F29F /* StackOverflowUITests.xctest */;
			productType = "com.apple.product-type.bundle.ui-testing";
		};
/* End PBXNativeTarget section */

/* Begin PBXProject section */
		A27A8D6924086BC10056F29F /* Project object */ = {
			isa = PBXProject;
			attributes = {
				LastSwiftUpdateCheck = 1130;
				LastUpgradeCheck = 1130;
				ORGANIZATIONNAME = "Viswambharan Nikitha, Abhilash";
				TargetAttributes = {
					A27A8D7024086BC10056F29F = {
						CreatedOnToolsVersion = 11.3;
					};
					A27A8D8624086BC20056F29F = {
						CreatedOnToolsVersion = 11.3;
						TestTargetID = A27A8D7024086BC10056F29F;
					};
					A27A8D9124086BC20056F29F = {
						CreatedOnToolsVersion = 11.3;
						TestTargetID = A27A8D7024086BC10056F29F;
					};
				};
			};
			buildConfigurationList = A27A8D6C24086BC10056F29F /* Build configuration list for PBXProject "StackOverflow" */;
			compatibilityVersion = "Xcode 9.3";
			developmentRegion = en;
			hasScannedForEncodings = 0;
			knownRegions = (
				en,
				Base,
			);
			mainGroup = A27A8D6824086BC10056F29F;
			productRefGroup = A27A8D7224086BC10056F29F /* Products */;
			projectDirPath = "";
			projectRoot = "";
			targets = (
				A27A8D7024086BC10056F29F /* StackOverflow */,
				A27A8D8624086BC20056F29F /* StackOverflowTests */,
				A27A8D9124086BC20056F29F /* StackOverflowUITests */,
			);
		};
/* End PBXProject section */

/* Begin PBXResourcesBuildPhase section */
		A27A8D6F24086BC10056F29F /* Resources */ = {
			isa = PBXResourcesBuildPhase;
			buildActionMask = 2147483647;
			files = (
				A27A8D8124086BC20056F29F /* LaunchScreen.storyboard in Resources */,
				A27A8D7E24086BC20056F29F /* Assets.xcassets in Resources */,
				A27A8DA524086C530056F29F /* README.md in Resources */,
				A27A8D7C24086BC10056F29F /* Main.storyboard in Resources */,
			);
			runOnlyForDeploymentPostprocessing = 0;
		};
		A27A8D8524086BC20056F29F /* Resources */ = {
			isa = PBXResourcesBuildPhase;
			buildActionMask = 2147483647;
			files = (
			);
			runOnlyForDeploymentPostprocessing = 0;
		};
		A27A8D9024086BC20056F29F /* Resources */ = {
			isa = PBXResourcesBuildPhase;
			buildActionMask = 2147483647;
			files = (
			);
			runOnlyForDeploymentPostprocessing = 0;
		};
/* End PBXResourcesBuildPhase section */

/* Begin PBXSourcesBuildPhase section */
		A27A8D6D24086BC10056F29F /* Sources */ = {
			isa = PBXSourcesBuildPhase;
			buildActionMask = 2147483647;
			files = (
				A21136C32409D8AB003C8315 /* SOUserCellTableViewCell.swift in Sources */,
				A27A8DC124088AC10056F29F /* SODataParser.swift in Sources */,
				A27A8DB92408841F0056F29F /* SONetworkManager.swift in Sources */,
				A27A8D7924086BC10056F29F /* SOTableListViewController.swift in Sources */,
				A27A8DBB240884560056F29F /* Extension.swift in Sources */,
				A27A8DBD2408880F0056F29F /* SOErrorParser.swift in Sources */,
				A27A8DB7240884180056F29F /* SODataManager.swift in Sources */,
				A27A8D7524086BC10056F29F /* AppDelegate.swift in Sources */,
				A27A8D7724086BC10056F29F /* SceneDelegate.swift in Sources */,
				A27A8DA824086F130056F29F /* SOModel.swift in Sources */,
				A21136C5240A8259003C8315 /* SOUserViewModel.swift in Sources */,
				A21136BF2409C050003C8315 /* SOCustomViews.swift in Sources */,
				A27A8DBF240888160056F29F /* SOResponseParser.swift in Sources */,
			);
			runOnlyForDeploymentPostprocessing = 0;
		};
		A27A8D8324086BC20056F29F /* Sources */ = {
			isa = PBXSourcesBuildPhase;
			buildActionMask = 2147483647;
			files = (
				A27A8D8C24086BC20056F29F /* StackOverflowTests.swift in Sources */,
			);
			runOnlyForDeploymentPostprocessing = 0;
		};
		A27A8D8E24086BC20056F29F /* Sources */ = {
			isa = PBXSourcesBuildPhase;
			buildActionMask = 2147483647;
			files = (
				A27A8D9724086BC20056F29F /* StackOverflowUITests.swift in Sources */,
			);
			runOnlyForDeploymentPostprocessing = 0;
		};
/* End PBXSourcesBuildPhase section */

/* Begin PBXTargetDependency section */
		A27A8D8924086BC20056F29F /* PBXTargetDependency */ = {
			isa = PBXTargetDependency;
			target = A27A8D7024086BC10056F29F /* StackOverflow */;
			targetProxy = A27A8D8824086BC20056F29F /* PBXContainerItemProxy */;
		};
		A27A8D9424086BC20056F29F /* PBXTargetDependency */ = {
			isa = PBXTargetDependency;
			target = A27A8D7024086BC10056F29F /* StackOverflow */;
			targetProxy = A27A8D9324086BC20056F29F /* PBXContainerItemProxy */;
		};
/* End PBXTargetDependency section */

/* Begin PBXVariantGroup section */
		A27A8D7A24086BC10056F29F /* Main.storyboard */ = {
			isa = PBXVariantGroup;
			children = (
				A27A8D7B24086BC10056F29F /* Base */,
			);
			name = Main.storyboard;
			sourceTree = "<group>";
		};
		A27A8D7F24086BC20056F29F /* LaunchScreen.storyboard */ = {
			isa = PBXVariantGroup;
			children = (
				A27A8D8024086BC20056F29F /* Base */,
			);
			name = LaunchScreen.storyboard;
			sourceTree = "<group>";
		};
/* End PBXVariantGroup section */

/* Begin XCBuildConfiguration section */
		A27A8D9924086BC20056F29F /* Debug */ = {
			isa = XCBuildConfiguration;
			buildSettings = {
				ALWAYS_SEARCH_USER_PATHS = NO;
				CLANG_ANALYZER_NONNULL = YES;
				CLANG_ANALYZER_NUMBER_OBJECT_CONVERSION = YES_AGGRESSIVE;
				CLANG_CXX_LANGUAGE_STANDARD = "gnu++14";
				CLANG_CXX_LIBRARY = "libc++";
				CLANG_ENABLE_MODULES = YES;
				CLANG_ENABLE_OBJC_ARC = YES;
				CLANG_ENABLE_OBJC_WEAK = YES;
				CLANG_WARN_BLOCK_CAPTURE_AUTORELEASING = YES;
				CLANG_WARN_BOOL_CONVERSION = YES;
				CLANG_WARN_COMMA = YES;
				CLANG_WARN_CONSTANT_CONVERSION = YES;
				CLANG_WARN_DEPRECATED_OBJC_IMPLEMENTATIONS = YES;
				CLANG_WARN_DIRECT_OBJC_ISA_USAGE = YES_ERROR;
				CLANG_WARN_DOCUMENTATION_COMMENTS = YES;
				CLANG_WARN_EMPTY_BODY = YES;
				CLANG_WARN_ENUM_CONVERSION = YES;
				CLANG_WARN_INFINITE_RECURSION = YES;
				CLANG_WARN_INT_CONVERSION = YES;
				CLANG_WARN_NON_LITERAL_NULL_CONVERSION = YES;
				CLANG_WARN_OBJC_IMPLICIT_RETAIN_SELF = YES;
				CLANG_WARN_OBJC_LITERAL_CONVERSION = YES;
				CLANG_WARN_OBJC_ROOT_CLASS = YES_ERROR;
				CLANG_WARN_RANGE_LOOP_ANALYSIS = YES;
				CLANG_WARN_STRICT_PROTOTYPES = YES;
				CLANG_WARN_SUSPICIOUS_MOVE = YES;
				CLANG_WARN_UNGUARDED_AVAILABILITY = YES_AGGRESSIVE;
				CLANG_WARN_UNREACHABLE_CODE = YES;
				CLANG_WARN__DUPLICATE_METHOD_MATCH = YES;
				COPY_PHASE_STRIP = NO;
				DEBUG_INFORMATION_FORMAT = dwarf;
				ENABLE_STRICT_OBJC_MSGSEND = YES;
				ENABLE_TESTABILITY = YES;
				GCC_C_LANGUAGE_STANDARD = gnu11;
				GCC_DYNAMIC_NO_PIC = NO;
				GCC_NO_COMMON_BLOCKS = YES;
				GCC_OPTIMIZATION_LEVEL = 0;
				GCC_PREPROCESSOR_DEFINITIONS = (
					"DEBUG=1",
					"$(inherited)",
				);
				GCC_WARN_64_TO_32_BIT_CONVERSION = YES;
				GCC_WARN_ABOUT_RETURN_TYPE = YES_ERROR;
				GCC_WARN_UNDECLARED_SELECTOR = YES;
				GCC_WARN_UNINITIALIZED_AUTOS = YES_AGGRESSIVE;
				GCC_WARN_UNUSED_FUNCTION = YES;
				GCC_WARN_UNUSED_VARIABLE = YES;
				IPHONEOS_DEPLOYMENT_TARGET = 13.2;
				MTL_ENABLE_DEBUG_INFO = INCLUDE_SOURCE;
				MTL_FAST_MATH = YES;
				ONLY_ACTIVE_ARCH = YES;
				SDKROOT = iphoneos;
				SWIFT_ACTIVE_COMPILATION_CONDITIONS = DEBUG;
				SWIFT_OPTIMIZATION_LEVEL = "-Onone";
			};
			name = Debug;
		};
		A27A8D9A24086BC20056F29F /* Release */ = {
			isa = XCBuildConfiguration;
			buildSettings = {
				ALWAYS_SEARCH_USER_PATHS = NO;
				CLANG_ANALYZER_NONNULL = YES;
				CLANG_ANALYZER_NUMBER_OBJECT_CONVERSION = YES_AGGRESSIVE;
				CLANG_CXX_LANGUAGE_STANDARD = "gnu++14";
				CLANG_CXX_LIBRARY = "libc++";
				CLANG_ENABLE_MODULES = YES;
				CLANG_ENABLE_OBJC_ARC = YES;
				CLANG_ENABLE_OBJC_WEAK = YES;
				CLANG_WARN_BLOCK_CAPTURE_AUTORELEASING = YES;
				CLANG_WARN_BOOL_CONVERSION = YES;
				CLANG_WARN_COMMA = YES;
				CLANG_WARN_CONSTANT_CONVERSION = YES;
				CLANG_WARN_DEPRECATED_OBJC_IMPLEMENTATIONS = YES;
				CLANG_WARN_DIRECT_OBJC_ISA_USAGE = YES_ERROR;
				CLANG_WARN_DOCUMENTATION_COMMENTS = YES;
				CLANG_WARN_EMPTY_BODY = YES;
				CLANG_WARN_ENUM_CONVERSION = YES;
				CLANG_WARN_INFINITE_RECURSION = YES;
				CLANG_WARN_INT_CONVERSION = YES;
				CLANG_WARN_NON_LITERAL_NULL_CONVERSION = YES;
				CLANG_WARN_OBJC_IMPLICIT_RETAIN_SELF = YES;
				CLANG_WARN_OBJC_LITERAL_CONVERSION = YES;
				CLANG_WARN_OBJC_ROOT_CLASS = YES_ERROR;
				CLANG_WARN_RANGE_LOOP_ANALYSIS = YES;
				CLANG_WARN_STRICT_PROTOTYPES = YES;
				CLANG_WARN_SUSPICIOUS_MOVE = YES;
				CLANG_WARN_UNGUARDED_AVAILABILITY = YES_AGGRESSIVE;
				CLANG_WARN_UNREACHABLE_CODE = YES;
				CLANG_WARN__DUPLICATE_METHOD_MATCH = YES;
				COPY_PHASE_STRIP = NO;
				DEBUG_INFORMATION_FORMAT = "dwarf-with-dsym";
				ENABLE_NS_ASSERTIONS = NO;
				ENABLE_STRICT_OBJC_MSGSEND = YES;
				GCC_C_LANGUAGE_STANDARD = gnu11;
				GCC_NO_COMMON_BLOCKS = YES;
				GCC_WARN_64_TO_32_BIT_CONVERSION = YES;
				GCC_WARN_ABOUT_RETURN_TYPE = YES_ERROR;
				GCC_WARN_UNDECLARED_SELECTOR = YES;
				GCC_WARN_UNINITIALIZED_AUTOS = YES_AGGRESSIVE;
				GCC_WARN_UNUSED_FUNCTION = YES;
				GCC_WARN_UNUSED_VARIABLE = YES;
				IPHONEOS_DEPLOYMENT_TARGET = 13.2;
				MTL_ENABLE_DEBUG_INFO = NO;
				MTL_FAST_MATH = YES;
				SDKROOT = iphoneos;
				SWIFT_COMPILATION_MODE = wholemodule;
				SWIFT_OPTIMIZATION_LEVEL = "-O";
				VALIDATE_PRODUCT = YES;
			};
			name = Release;
		};
		A27A8D9C24086BC20056F29F /* Debug */ = {
			isa = XCBuildConfiguration;
			buildSettings = {
				ASSETCATALOG_COMPILER_APPICON_NAME = AppIcon;
				CODE_SIGN_STYLE = Automatic;
				DEVELOPMENT_TEAM = A23498PLQ4;
				INFOPLIST_FILE = StackOverflow/Info.plist;
				LD_RUNPATH_SEARCH_PATHS = (
					"$(inherited)",
					"@executable_path/Frameworks",
				);
				PRODUCT_BUNDLE_IDENTIFIER = com.abhilash.StackOverflow;
				PRODUCT_NAME = "$(TARGET_NAME)";
				SWIFT_VERSION = 5.0;
				TARGETED_DEVICE_FAMILY = "1,2";
			};
			name = Debug;
		};
		A27A8D9D24086BC20056F29F /* Release */ = {
			isa = XCBuildConfiguration;
			buildSettings = {
				ASSETCATALOG_COMPILER_APPICON_NAME = AppIcon;
				CODE_SIGN_STYLE = Automatic;
				DEVELOPMENT_TEAM = A23498PLQ4;
				INFOPLIST_FILE = StackOverflow/Info.plist;
				LD_RUNPATH_SEARCH_PATHS = (
					"$(inherited)",
					"@executable_path/Frameworks",
				);
				PRODUCT_BUNDLE_IDENTIFIER = com.abhilash.StackOverflow;
				PRODUCT_NAME = "$(TARGET_NAME)";
				SWIFT_VERSION = 5.0;
				TARGETED_DEVICE_FAMILY = "1,2";
			};
			name = Release;
		};
		A27A8D9F24086BC20056F29F /* Debug */ = {
			isa = XCBuildConfiguration;
			buildSettings = {
				ALWAYS_EMBED_SWIFT_STANDARD_LIBRARIES = YES;
				BUNDLE_LOADER = "$(TEST_HOST)";
				CODE_SIGN_STYLE = Automatic;
				DEVELOPMENT_TEAM = A23498PLQ4;
				INFOPLIST_FILE = StackOverflowTests/Info.plist;
				IPHONEOS_DEPLOYMENT_TARGET = 13.2;
				LD_RUNPATH_SEARCH_PATHS = (
					"$(inherited)",
					"@executable_path/Frameworks",
					"@loader_path/Frameworks",
				);
				PRODUCT_BUNDLE_IDENTIFIER = com.abhilash.StackOverflowTests;
				PRODUCT_NAME = "$(TARGET_NAME)";
				SWIFT_VERSION = 5.0;
				TARGETED_DEVICE_FAMILY = "1,2";
				TEST_HOST = "$(BUILT_PRODUCTS_DIR)/StackOverflow.app/StackOverflow";
			};
			name = Debug;
		};
		A27A8DA024086BC20056F29F /* Release */ = {
			isa = XCBuildConfiguration;
			buildSettings = {
				ALWAYS_EMBED_SWIFT_STANDARD_LIBRARIES = YES;
				BUNDLE_LOADER = "$(TEST_HOST)";
				CODE_SIGN_STYLE = Automatic;
				DEVELOPMENT_TEAM = A23498PLQ4;
				INFOPLIST_FILE = StackOverflowTests/Info.plist;
				IPHONEOS_DEPLOYMENT_TARGET = 13.2;
				LD_RUNPATH_SEARCH_PATHS = (
					"$(inherited)",
					"@executable_path/Frameworks",
					"@loader_path/Frameworks",
				);
				PRODUCT_BUNDLE_IDENTIFIER = com.abhilash.StackOverflowTests;
				PRODUCT_NAME = "$(TARGET_NAME)";
				SWIFT_VERSION = 5.0;
				TARGETED_DEVICE_FAMILY = "1,2";
				TEST_HOST = "$(BUILT_PRODUCTS_DIR)/StackOverflow.app/StackOverflow";
			};
			name = Release;
		};
		A27A8DA224086BC20056F29F /* Debug */ = {
			isa = XCBuildConfiguration;
			buildSettings = {
				ALWAYS_EMBED_SWIFT_STANDARD_LIBRARIES = YES;
				CODE_SIGN_STYLE = Automatic;
				DEVELOPMENT_TEAM = A23498PLQ4;
				INFOPLIST_FILE = StackOverflowUITests/Info.plist;
				LD_RUNPATH_SEARCH_PATHS = (
					"$(inherited)",
					"@executable_path/Frameworks",
					"@loader_path/Frameworks",
				);
				PRODUCT_BUNDLE_IDENTIFIER = com.abhilash.StackOverflowUITests;
				PRODUCT_NAME = "$(TARGET_NAME)";
				SWIFT_VERSION = 5.0;
				TARGETED_DEVICE_FAMILY = "1,2";
				TEST_TARGET_NAME = StackOverflow;
			};
			name = Debug;
		};
		A27A8DA324086BC20056F29F /* Release */ = {
			isa = XCBuildConfiguration;
			buildSettings = {
				ALWAYS_EMBED_SWIFT_STANDARD_LIBRARIES = YES;
				CODE_SIGN_STYLE = Automatic;
				DEVELOPMENT_TEAM = A23498PLQ4;
				INFOPLIST_FILE = StackOverflowUITests/Info.plist;
				LD_RUNPATH_SEARCH_PATHS = (
					"$(inherited)",
					"@executable_path/Frameworks",
					"@loader_path/Frameworks",
				);
				PRODUCT_BUNDLE_IDENTIFIER = com.abhilash.StackOverflowUITests;
				PRODUCT_NAME = "$(TARGET_NAME)";
				SWIFT_VERSION = 5.0;
				TARGETED_DEVICE_FAMILY = "1,2";
				TEST_TARGET_NAME = StackOverflow;
			};
			name = Release;
		};
/* End XCBuildConfiguration section */

/* Begin XCConfigurationList section */
		A27A8D6C24086BC10056F29F /* Build configuration list for PBXProject "StackOverflow" */ = {
			isa = XCConfigurationList;
			buildConfigurations = (
				A27A8D9924086BC20056F29F /* Debug */,
				A27A8D9A24086BC20056F29F /* Release */,
			);
			defaultConfigurationIsVisible = 0;
			defaultConfigurationName = Release;
		};
		A27A8D9B24086BC20056F29F /* Build configuration list for PBXNativeTarget "StackOverflow" */ = {
			isa = XCConfigurationList;
			buildConfigurations = (
				A27A8D9C24086BC20056F29F /* Debug */,
				A27A8D9D24086BC20056F29F /* Release */,
			);
			defaultConfigurationIsVisible = 0;
			defaultConfigurationName = Release;
		};
		A27A8D9E24086BC20056F29F /* Build configuration list for PBXNativeTarget "StackOverflowTests" */ = {
			isa = XCConfigurationList;
			buildConfigurations = (
				A27A8D9F24086BC20056F29F /* Debug */,
				A27A8DA024086BC20056F29F /* Release */,
			);
			defaultConfigurationIsVisible = 0;
			defaultConfigurationName = Release;
		};
		A27A8DA124086BC20056F29F /* Build configuration list for PBXNativeTarget "StackOverflowUITests" */ = {
			isa = XCConfigurationList;
			buildConfigurations = (
				A27A8DA224086BC20056F29F /* Debug */,
				A27A8DA324086BC20056F29F /* Release */,
			);
			defaultConfigurationIsVisible = 0;
			defaultConfigurationName = Release;
		};
/* End XCConfigurationList section */
	};
	rootObject = A27A8D6924086BC10056F29F /* Project object */;
}
